
Microsoft Visual Studio Solution File, Format Version 12.00
# Visual Studio 2012
Project("{FAE04EC0-301F-11D3-BF4B-00C04F79EFBC}") = "ICT-AP_Console", "ICT-AP_Console\ICT-AP_Console.csproj", "{981E0784-3180-476E-A25A-64FAFF6C8ED2}"
EndProject
Global
	GlobalSection(SolutionConfigurationPlatforms) = preSolution
		Debug|x86 = Debug|x86
		Release|x86 = Release|x86
	EndGlobalSection
	GlobalSection(ProjectConfigurationPlatforms) = postSolution
		{981E0784-3180-476E-A25A-64FAFF6C8ED2}.Debug|x86.ActiveCfg = Debug|x86
		{981E0784-3180-476E-A25A-64FAFF6C8ED2}.Debug|x86.Build.0 = Debug|x86
		{981E0784-3180-476E-A25A-64FAFF6C8ED2}.Release|x86.ActiveCfg = Release|x86
		{981E0784-3180-476E-A25A-64FAFF6C8ED2}.Release|x86.Build.0 = Release|x86
	EndGlobalSection
	GlobalSection(MonoDevelopProperties) = preSolution
		Policies = $0
		$0.DotNetNamingPolicy = $1
		$1.DirectoryNamespaceAssociation = None
		$1.ResourceNamePolicy = FileFormatDefault
		$0.StandardHeader = $2
		$2.Text = @/** \n *  Class to demo ...\n *  \n * @author Alan Cowap \n * @version 1.0  \n * @dependencies None\n *  \n */\n
		$2.IncludeInNewFiles = True
	EndGlobalSection
EndGlobal
