
Microsoft Visual Studio Solution File, Format Version 12.00
# Visual Studio 2012
Project("{FAE04EC0-301F-11D3-BF4B-00C04F79EFBC}") = "ICT-AP_Console", "ICT-AP_Console\ICT-AP_Console.csproj", "{981E0784-3180-476E-A25A-64FAFF6C8ED2}"
EndProject
Global
	GlobalSection(SolutionConfigurationPlatforms) = preSolution
		Debug|x86 = Debug|x86
		Release|x86 = Release|x86
	EndGlobalSection
	GlobalSection(ProjectConfigurationPlatforms) = postSolution
		{981E0784-3180-476E-A25A-64FAFF6C8ED2}.Debug|x86.ActiveCfg = Debug|x86
		{981E0784-3180-476E-A25A-64FAFF6C8ED2}.Debug|x86.Build.0 = Debug|x86
		{981E0784-3180-476E-A25A-64FAFF6C8ED2}.Release|x86.ActiveCfg = Release|x86
		{981E0784-3180-476E-A25A-64FAFF6C8ED2}.Release|x86.Build.0 = Release|x86
	EndGlobalSection
EndGlobal
